
Microsoft Visual Studio Solution File, Format Version 12.00
Project("{2150E333-8FDC-42A3-9474-1A3956D46DE8}") = ".solutionItems", ".solutionItems", "{153F99F5-C6D4-4130-BA80-A5A3CC32B245}"
ProjectSection(SolutionItems) = preProject
	.editorconfig = .editorconfig
	.gitignore = .gitignore
	README.md = README.md
	Directory.Build.props = Directory.Build.props
EndProjectSection
EndProject
Project("{FAE04EC0-301F-11D3-BF4B-00C04F79EFBC}") = "Mutagen.Bethesda.Analyzers.SDK", "Mutagen.Bethesda.Analyzers.SDK\Mutagen.Bethesda.Analyzers.SDK.csproj", "{099DF49C-B15B-407C-93B3-4C63FBB50ACB}"
EndProject
Project("{2150E333-8FDC-42A3-9474-1A3956D46DE8}") = "Core", "Core", "{57D0B11F-05A3-44F3-9E34-FA371A806C6A}"
EndProject
Project("{FAE04EC0-301F-11D3-BF4B-00C04F79EFBC}") = "Mutagen.Bethesda.Analyzers.TestingUtils", "Mutagen.Bethesda.Analyzers.TestingUtils\Mutagen.Bethesda.Analyzers.TestingUtils.csproj", "{E824FD0B-EE06-4A42-96FC-AD13484160E2}"
EndProject
Project("{2150E333-8FDC-42A3-9474-1A3956D46DE8}") = "Analyzers", "Analyzers", "{65ADC99E-9E67-43B5-AEF5-A8975A1E6FFA}"
EndProject
Project("{2150E333-8FDC-42A3-9474-1A3956D46DE8}") = "Tests", "Tests", "{5F4F559E-143A-45A5-8EBB-CE759A7D67EC}"
EndProject
Project("{FAE04EC0-301F-11D3-BF4B-00C04F79EFBC}") = "Mutagen.Bethesda.SkyrimAnalyzer", "Mutagen.Bethesda.SkyrimAnalyzer\Mutagen.Bethesda.SkyrimAnalyzer.csproj", "{49F13245-2CE4-41D0-9E82-CE9A917CEE80}"
EndProject
Project("{FAE04EC0-301F-11D3-BF4B-00C04F79EFBC}") = "Mutagen.Bethesda.SkyrimAnalyzer.Tests", "Mutagen.Bethesda.SkyrimAnalyzer.Tests\Mutagen.Bethesda.SkyrimAnalyzer.Tests.csproj", "{D064B420-8DEC-4CDA-BC11-B9BFDC8C5EF8}"
EndProject
Project("{FAE04EC0-301F-11D3-BF4B-00C04F79EFBC}") = "Mutagen.Bethesda.Analyzers.Testing", "Mutagen.Bethesda.Analyzers.Testing\Mutagen.Bethesda.Analyzers.Testing.csproj", "{BC0A7772-46BE-4155-9647-591D13AE5D2E}"
EndProject
Global
	GlobalSection(SolutionConfigurationPlatforms) = preSolution
		Debug|Any CPU = Debug|Any CPU
		Release|Any CPU = Release|Any CPU
	EndGlobalSection
	GlobalSection(ProjectConfigurationPlatforms) = postSolution
		{099DF49C-B15B-407C-93B3-4C63FBB50ACB}.Debug|Any CPU.ActiveCfg = Debug|Any CPU
		{099DF49C-B15B-407C-93B3-4C63FBB50ACB}.Debug|Any CPU.Build.0 = Debug|Any CPU
		{099DF49C-B15B-407C-93B3-4C63FBB50ACB}.Release|Any CPU.ActiveCfg = Release|Any CPU
		{099DF49C-B15B-407C-93B3-4C63FBB50ACB}.Release|Any CPU.Build.0 = Release|Any CPU
		{E824FD0B-EE06-4A42-96FC-AD13484160E2}.Debug|Any CPU.ActiveCfg = Debug|Any CPU
		{E824FD0B-EE06-4A42-96FC-AD13484160E2}.Debug|Any CPU.Build.0 = Debug|Any CPU
		{E824FD0B-EE06-4A42-96FC-AD13484160E2}.Release|Any CPU.ActiveCfg = Release|Any CPU
		{E824FD0B-EE06-4A42-96FC-AD13484160E2}.Release|Any CPU.Build.0 = Release|Any CPU
		{49F13245-2CE4-41D0-9E82-CE9A917CEE80}.Debug|Any CPU.ActiveCfg = Debug|Any CPU
		{49F13245-2CE4-41D0-9E82-CE9A917CEE80}.Debug|Any CPU.Build.0 = Debug|Any CPU
		{49F13245-2CE4-41D0-9E82-CE9A917CEE80}.Release|Any CPU.ActiveCfg = Release|Any CPU
		{49F13245-2CE4-41D0-9E82-CE9A917CEE80}.Release|Any CPU.Build.0 = Release|Any CPU
		{D064B420-8DEC-4CDA-BC11-B9BFDC8C5EF8}.Debug|Any CPU.ActiveCfg = Debug|Any CPU
		{D064B420-8DEC-4CDA-BC11-B9BFDC8C5EF8}.Debug|Any CPU.Build.0 = Debug|Any CPU
		{D064B420-8DEC-4CDA-BC11-B9BFDC8C5EF8}.Release|Any CPU.ActiveCfg = Release|Any CPU
		{D064B420-8DEC-4CDA-BC11-B9BFDC8C5EF8}.Release|Any CPU.Build.0 = Release|Any CPU
		{BC0A7772-46BE-4155-9647-591D13AE5D2E}.Debug|Any CPU.ActiveCfg = Debug|Any CPU
		{BC0A7772-46BE-4155-9647-591D13AE5D2E}.Debug|Any CPU.Build.0 = Debug|Any CPU
		{BC0A7772-46BE-4155-9647-591D13AE5D2E}.Release|Any CPU.ActiveCfg = Release|Any CPU
		{BC0A7772-46BE-4155-9647-591D13AE5D2E}.Release|Any CPU.Build.0 = Release|Any CPU
	EndGlobalSection
	GlobalSection(NestedProjects) = preSolution
		{099DF49C-B15B-407C-93B3-4C63FBB50ACB} = {57D0B11F-05A3-44F3-9E34-FA371A806C6A}
		{E824FD0B-EE06-4A42-96FC-AD13484160E2} = {57D0B11F-05A3-44F3-9E34-FA371A806C6A}
		{49F13245-2CE4-41D0-9E82-CE9A917CEE80} = {65ADC99E-9E67-43B5-AEF5-A8975A1E6FFA}
		{D064B420-8DEC-4CDA-BC11-B9BFDC8C5EF8} = {5F4F559E-143A-45A5-8EBB-CE759A7D67EC}
		{BC0A7772-46BE-4155-9647-591D13AE5D2E} = {5F4F559E-143A-45A5-8EBB-CE759A7D67EC}
	EndGlobalSection
EndGlobal
